// !$*UTF8*$!
{
	archiveVersion = 1;
	classes = {
	};
	objectVersion = 56;
	objects = {

/* Begin PBXBuildFile section */
		D6F68C002C4781390019640A /* LogYourLifeApp.swift in Sources */ = {isa = PBXBuildFile; fileRef = D6F68BFF2C4781390019640A /* LogYourLifeApp.swift */; };
		D6F68C022C4781390019640A /* ContentView.swift in Sources */ = {isa = PBXBuildFile; fileRef = D6F68C012C4781390019640A /* ContentView.swift */; };
		D6F68C042C4781390019640A /* Assets.xcassets in Resources */ = {isa = PBXBuildFile; fileRef = D6F68C032C4781390019640A /* Assets.xcassets */; };
		D6F68C072C4781390019640A /* Preview Assets.xcassets in Resources */ = {isa = PBXBuildFile; fileRef = D6F68C062C4781390019640A /* Preview Assets.xcassets */; };
		D6F68C112C47813A0019640A /* LogYourLifeTests.swift in Sources */ = {isa = PBXBuildFile; fileRef = D6F68C102C47813A0019640A /* LogYourLifeTests.swift */; };
		D6F68C1B2C47813A0019640A /* LogYourLifeUITests.swift in Sources */ = {isa = PBXBuildFile; fileRef = D6F68C1A2C47813A0019640A /* LogYourLifeUITests.swift */; };
		D6F68C1D2C47813A0019640A /* LogYourLifeUITestsLaunchTests.swift in Sources */ = {isa = PBXBuildFile; fileRef = D6F68C1C2C47813A0019640A /* LogYourLifeUITestsLaunchTests.swift */; };
		D6F68C2A2C4781570019640A /* SwiftUIView.swift in Sources */ = {isa = PBXBuildFile; fileRef = D6F68C292C4781570019640A /* SwiftUIView.swift */; };
		D6F68C2C2C478CBC0019640A /* TimeSet.swift in Sources */ = {isa = PBXBuildFile; fileRef = D6F68C2B2C478CBC0019640A /* TimeSet.swift */; };
/* End PBXBuildFile section */

/* Begin PBXContainerItemProxy section */
		D6F68C0D2C4781390019640A /* PBXContainerItemProxy */ = {
			isa = PBXContainerItemProxy;
			containerPortal = D6F68BF42C4781380019640A /* Project object */;
			proxyType = 1;
			remoteGlobalIDString = D6F68BFB2C4781390019640A;
			remoteInfo = LogYourLife;
		};
		D6F68C172C47813A0019640A /* PBXContainerItemProxy */ = {
			isa = PBXContainerItemProxy;
			containerPortal = D6F68BF42C4781380019640A /* Project object */;
			proxyType = 1;
			remoteGlobalIDString = D6F68BFB2C4781390019640A;
			remoteInfo = LogYourLife;
		};
/* End PBXContainerItemProxy section */

/* Begin PBXFileReference section */
		D6F68BFC2C4781390019640A /* LogYourLife.app */ = {isa = PBXFileReference; explicitFileType = wrapper.application; includeInIndex = 0; path = LogYourLife.app; sourceTree = BUILT_PRODUCTS_DIR; };
		D6F68BFF2C4781390019640A /* LogYourLifeApp.swift */ = {isa = PBXFileReference; lastKnownFileType = sourcecode.swift; path = LogYourLifeApp.swift; sourceTree = "<group>"; };
		D6F68C012C4781390019640A /* ContentView.swift */ = {isa = PBXFileReference; lastKnownFileType = sourcecode.swift; path = ContentView.swift; sourceTree = "<group>"; };
		D6F68C032C4781390019640A /* Assets.xcassets */ = {isa = PBXFileReference; lastKnownFileType = folder.assetcatalog; path = Assets.xcassets; sourceTree = "<group>"; };
		D6F68C062C4781390019640A /* Preview Assets.xcassets */ = {isa = PBXFileReference; lastKnownFileType = folder.assetcatalog; path = "Preview Assets.xcassets"; sourceTree = "<group>"; };
		D6F68C0C2C4781390019640A /* LogYourLifeTests.xctest */ = {isa = PBXFileReference; explicitFileType = wrapper.cfbundle; includeInIndex = 0; path = LogYourLifeTests.xctest; sourceTree = BUILT_PRODUCTS_DIR; };
		D6F68C102C47813A0019640A /* LogYourLifeTests.swift */ = {isa = PBXFileReference; lastKnownFileType = sourcecode.swift; path = LogYourLifeTests.swift; sourceTree = "<group>"; };
		D6F68C162C47813A0019640A /* LogYourLifeUITests.xctest */ = {isa = PBXFileReference; explicitFileType = wrapper.cfbundle; includeInIndex = 0; path = LogYourLifeUITests.xctest; sourceTree = BUILT_PRODUCTS_DIR; };
		D6F68C1A2C47813A0019640A /* LogYourLifeUITests.swift */ = {isa = PBXFileReference; lastKnownFileType = sourcecode.swift; path = LogYourLifeUITests.swift; sourceTree = "<group>"; };
		D6F68C1C2C47813A0019640A /* LogYourLifeUITestsLaunchTests.swift */ = {isa = PBXFileReference; lastKnownFileType = sourcecode.swift; path = LogYourLifeUITestsLaunchTests.swift; sourceTree = "<group>"; };
		D6F68C292C4781570019640A /* SwiftUIView.swift */ = {isa = PBXFileReference; lastKnownFileType = sourcecode.swift; path = SwiftUIView.swift; sourceTree = "<group>"; };
		D6F68C2B2C478CBC0019640A /* TimeSet.swift */ = {isa = PBXFileReference; lastKnownFileType = sourcecode.swift; path = TimeSet.swift; sourceTree = "<group>"; };
/* End PBXFileReference section */

/* Begin PBXFrameworksBuildPhase section */
		D6F68BF92C4781390019640A /* Frameworks */ = {
			isa = PBXFrameworksBuildPhase;
			buildActionMask = 2147483647;
			files = (
			);
			runOnlyForDeploymentPostprocessing = 0;
		};
		D6F68C092C4781390019640A /* Frameworks */ = {
			isa = PBXFrameworksBuildPhase;
			buildActionMask = 2147483647;
			files = (
			);
			runOnlyForDeploymentPostprocessing = 0;
		};
		D6F68C132C47813A0019640A /* Frameworks */ = {
			isa = PBXFrameworksBuildPhase;
			buildActionMask = 2147483647;
			files = (
			);
			runOnlyForDeploymentPostprocessing = 0;
		};
/* End PBXFrameworksBuildPhase section */

/* Begin PBXGroup section */
		D6F68BF32C4781380019640A = {
			isa = PBXGroup;
			children = (
				D6F68BFE2C4781390019640A /* LogYourLife */,
				D6F68C0F2C47813A0019640A /* LogYourLifeTests */,
				D6F68C192C47813A0019640A /* LogYourLifeUITests */,
				D6F68BFD2C4781390019640A /* Products */,
			);
			sourceTree = "<group>";
		};
		D6F68BFD2C4781390019640A /* Products */ = {
			isa = PBXGroup;
			children = (
				D6F68BFC2C4781390019640A /* LogYourLife.app */,
				D6F68C0C2C4781390019640A /* LogYourLifeTests.xctest */,
				D6F68C162C47813A0019640A /* LogYourLifeUITests.xctest */,
			);
			name = Products;
			sourceTree = "<group>";
		};
		D6F68BFE2C4781390019640A /* LogYourLife */ = {
			isa = PBXGroup;
			children = (
				D6F68BFF2C4781390019640A /* LogYourLifeApp.swift */,
				D6F68C012C4781390019640A /* ContentView.swift */,
				D6F68C032C4781390019640A /* Assets.xcassets */,
				D6F68C052C4781390019640A /* Preview Content */,
				D6F68C292C4781570019640A /* SwiftUIView.swift */,
				D6F68C2B2C478CBC0019640A /* TimeSet.swift */,
			);
			path = LogYourLife;
			sourceTree = "<group>";
		};
		D6F68C052C4781390019640A /* Preview Content */ = {
			isa = PBXGroup;
			children = (
				D6F68C062C4781390019640A /* Preview Assets.xcassets */,
			);
			path = "Preview Content";
			sourceTree = "<group>";
		};
		D6F68C0F2C47813A0019640A /* LogYourLifeTests */ = {
			isa = PBXGroup;
			children = (
				D6F68C102C47813A0019640A /* LogYourLifeTests.swift */,
			);
			path = LogYourLifeTests;
			sourceTree = "<group>";
		};
		D6F68C192C47813A0019640A /* LogYourLifeUITests */ = {
			isa = PBXGroup;
			children = (
				D6F68C1A2C47813A0019640A /* LogYourLifeUITests.swift */,
				D6F68C1C2C47813A0019640A /* LogYourLifeUITestsLaunchTests.swift */,
			);
			path = LogYourLifeUITests;
			sourceTree = "<group>";
		};
/* End PBXGroup section */

/* Begin PBXNativeTarget section */
		D6F68BFB2C4781390019640A /* LogYourLife */ = {
			isa = PBXNativeTarget;
			buildConfigurationList = D6F68C202C47813A0019640A /* Build configuration list for PBXNativeTarget "LogYourLife" */;
			buildPhases = (
				D6F68BF82C4781390019640A /* Sources */,
				D6F68BF92C4781390019640A /* Frameworks */,
				D6F68BFA2C4781390019640A /* Resources */,
			);
			buildRules = (
			);
			dependencies = (
			);
			name = LogYourLife;
			productName = LogYourLife;
			productReference = D6F68BFC2C4781390019640A /* LogYourLife.app */;
			productType = "com.apple.product-type.application";
		};
		D6F68C0B2C4781390019640A /* LogYourLifeTests */ = {
			isa = PBXNativeTarget;
			buildConfigurationList = D6F68C232C47813A0019640A /* Build configuration list for PBXNativeTarget "LogYourLifeTests" */;
			buildPhases = (
				D6F68C082C4781390019640A /* Sources */,
				D6F68C092C4781390019640A /* Frameworks */,
				D6F68C0A2C4781390019640A /* Resources */,
			);
			buildRules = (
			);
			dependencies = (
				D6F68C0E2C4781390019640A /* PBXTargetDependency */,
			);
			name = LogYourLifeTests;
			productName = LogYourLifeTests;
			productReference = D6F68C0C2C4781390019640A /* LogYourLifeTests.xctest */;
			productType = "com.apple.product-type.bundle.unit-test";
		};
		D6F68C152C47813A0019640A /* LogYourLifeUITests */ = {
			isa = PBXNativeTarget;
			buildConfigurationList = D6F68C262C47813A0019640A /* Build configuration list for PBXNativeTarget "LogYourLifeUITests" */;
			buildPhases = (
				D6F68C122C47813A0019640A /* Sources */,
				D6F68C132C47813A0019640A /* Frameworks */,
				D6F68C142C47813A0019640A /* Resources */,
			);
			buildRules = (
			);
			dependencies = (
				D6F68C182C47813A0019640A /* PBXTargetDependency */,
			);
			name = LogYourLifeUITests;
			productName = LogYourLifeUITests;
			productReference = D6F68C162C47813A0019640A /* LogYourLifeUITests.xctest */;
			productType = "com.apple.product-type.bundle.ui-testing";
		};
/* End PBXNativeTarget section */

/* Begin PBXProject section */
		D6F68BF42C4781380019640A /* Project object */ = {
			isa = PBXProject;
			attributes = {
				BuildIndependentTargetsInParallel = 1;
				LastSwiftUpdateCheck = 1520;
				LastUpgradeCheck = 1520;
				TargetAttributes = {
					D6F68BFB2C4781390019640A = {
						CreatedOnToolsVersion = 15.2;
					};
					D6F68C0B2C4781390019640A = {
						CreatedOnToolsVersion = 15.2;
						TestTargetID = D6F68BFB2C4781390019640A;
					};
					D6F68C152C47813A0019640A = {
						CreatedOnToolsVersion = 15.2;
						TestTargetID = D6F68BFB2C4781390019640A;
					};
				};
			};
			buildConfigurationList = D6F68BF72C4781380019640A /* Build configuration list for PBXProject "LogYourLife" */;
			compatibilityVersion = "Xcode 14.0";
			developmentRegion = en;
			hasScannedForEncodings = 0;
			knownRegions = (
				en,
				Base,
			);
			mainGroup = D6F68BF32C4781380019640A;
			productRefGroup = D6F68BFD2C4781390019640A /* Products */;
			projectDirPath = "";
			projectRoot = "";
			targets = (
				D6F68BFB2C4781390019640A /* LogYourLife */,
				D6F68C0B2C4781390019640A /* LogYourLifeTests */,
				D6F68C152C47813A0019640A /* LogYourLifeUITests */,
			);
		};
/* End PBXProject section */

/* Begin PBXResourcesBuildPhase section */
		D6F68BFA2C4781390019640A /* Resources */ = {
			isa = PBXResourcesBuildPhase;
			buildActionMask = 2147483647;
			files = (
				D6F68C072C4781390019640A /* Preview Assets.xcassets in Resources */,
				D6F68C042C4781390019640A /* Assets.xcassets in Resources */,
			);
			runOnlyForDeploymentPostprocessing = 0;
		};
		D6F68C0A2C4781390019640A /* Resources */ = {
			isa = PBXResourcesBuildPhase;
			buildActionMask = 2147483647;
			files = (
			);
			runOnlyForDeploymentPostprocessing = 0;
		};
		D6F68C142C47813A0019640A /* Resources */ = {
			isa = PBXResourcesBuildPhase;
			buildActionMask = 2147483647;
			files = (
			);
			runOnlyForDeploymentPostprocessing = 0;
		};
/* End PBXResourcesBuildPhase section */

/* Begin PBXSourcesBuildPhase section */
		D6F68BF82C4781390019640A /* Sources */ = {
			isa = PBXSourcesBuildPhase;
			buildActionMask = 2147483647;
			files = (
				D6F68C022C4781390019640A /* ContentView.swift in Sources */,
				D6F68C002C4781390019640A /* LogYourLifeApp.swift in Sources */,
				D6F68C2A2C4781570019640A /* SwiftUIView.swift in Sources */,
				D6F68C2C2C478CBC0019640A /* TimeSet.swift in Sources */,
			);
			runOnlyForDeploymentPostprocessing = 0;
		};
		D6F68C082C4781390019640A /* Sources */ = {
			isa = PBXSourcesBuildPhase;
			buildActionMask = 2147483647;
			files = (
				D6F68C112C47813A0019640A /* LogYourLifeTests.swift in Sources */,
			);
			runOnlyForDeploymentPostprocessing = 0;
		};
		D6F68C122C47813A0019640A /* Sources */ = {
			isa = PBXSourcesBuildPhase;
			buildActionMask = 2147483647;
			files = (
				D6F68C1D2C47813A0019640A /* LogYourLifeUITestsLaunchTests.swift in Sources */,
				D6F68C1B2C47813A0019640A /* LogYourLifeUITests.swift in Sources */,
			);
			runOnlyForDeploymentPostprocessing = 0;
		};
/* End PBXSourcesBuildPhase section */

/* Begin PBXTargetDependency section */
		D6F68C0E2C4781390019640A /* PBXTargetDependency */ = {
			isa = PBXTargetDependency;
			target = D6F68BFB2C4781390019640A /* LogYourLife */;
			targetProxy = D6F68C0D2C4781390019640A /* PBXContainerItemProxy */;
		};
		D6F68C182C47813A0019640A /* PBXTargetDependency */ = {
			isa = PBXTargetDependency;
			target = D6F68BFB2C4781390019640A /* LogYourLife */;
			targetProxy = D6F68C172C47813A0019640A /* PBXContainerItemProxy */;
		};
/* End PBXTargetDependency section */

/* Begin XCBuildConfiguration section */
		D6F68C1E2C47813A0019640A /* Debug */ = {
			isa = XCBuildConfiguration;
			buildSettings = {
				ALWAYS_SEARCH_USER_PATHS = NO;
				ASSETCATALOG_COMPILER_GENERATE_SWIFT_ASSET_SYMBOL_EXTENSIONS = YES;
				CLANG_ANALYZER_NONNULL = YES;
				CLANG_ANALYZER_NUMBER_OBJECT_CONVERSION = YES_AGGRESSIVE;
				CLANG_CXX_LANGUAGE_STANDARD = "gnu++20";
				CLANG_ENABLE_MODULES = YES;
				CLANG_ENABLE_OBJC_ARC = YES;
				CLANG_ENABLE_OBJC_WEAK = YES;
				CLANG_WARN_BLOCK_CAPTURE_AUTORELEASING = YES;
				CLANG_WARN_BOOL_CONVERSION = YES;
				CLANG_WARN_COMMA = YES;
				CLANG_WARN_CONSTANT_CONVERSION = YES;
				CLANG_WARN_DEPRECATED_OBJC_IMPLEMENTATIONS = YES;
				CLANG_WARN_DIRECT_OBJC_ISA_USAGE = YES_ERROR;
				CLANG_WARN_DOCUMENTATION_COMMENTS = YES;
				CLANG_WARN_EMPTY_BODY = YES;
				CLANG_WARN_ENUM_CONVERSION = YES;
				CLANG_WARN_INFINITE_RECURSION = YES;
				CLANG_WARN_INT_CONVERSION = YES;
				CLANG_WARN_NON_LITERAL_NULL_CONVERSION = YES;
				CLANG_WARN_OBJC_IMPLICIT_RETAIN_SELF = YES;
				CLANG_WARN_OBJC_LITERAL_CONVERSION = YES;
				CLANG_WARN_OBJC_ROOT_CLASS = YES_ERROR;
				CLANG_WARN_QUOTED_INCLUDE_IN_FRAMEWORK_HEADER = YES;
				CLANG_WARN_RANGE_LOOP_ANALYSIS = YES;
				CLANG_WARN_STRICT_PROTOTYPES = YES;
				CLANG_WARN_SUSPICIOUS_MOVE = YES;
				CLANG_WARN_UNGUARDED_AVAILABILITY = YES_AGGRESSIVE;
				CLANG_WARN_UNREACHABLE_CODE = YES;
				CLANG_WARN__DUPLICATE_METHOD_MATCH = YES;
				COPY_PHASE_STRIP = NO;
				DEBUG_INFORMATION_FORMAT = dwarf;
				ENABLE_STRICT_OBJC_MSGSEND = YES;
				ENABLE_TESTABILITY = YES;
				ENABLE_USER_SCRIPT_SANDBOXING = YES;
				GCC_C_LANGUAGE_STANDARD = gnu17;
				GCC_DYNAMIC_NO_PIC = NO;
				GCC_NO_COMMON_BLOCKS = YES;
				GCC_OPTIMIZATION_LEVEL = 0;
				GCC_PREPROCESSOR_DEFINITIONS = (
					"DEBUG=1",
					"$(inherited)",
				);
				GCC_WARN_64_TO_32_BIT_CONVERSION = YES;
				GCC_WARN_ABOUT_RETURN_TYPE = YES_ERROR;
				GCC_WARN_UNDECLARED_SELECTOR = YES;
				GCC_WARN_UNINITIALIZED_AUTOS = YES_AGGRESSIVE;
				GCC_WARN_UNUSED_FUNCTION = YES;
				GCC_WARN_UNUSED_VARIABLE = YES;
				IPHONEOS_DEPLOYMENT_TARGET = 17.2;
				LOCALIZATION_PREFERS_STRING_CATALOGS = YES;
				MTL_ENABLE_DEBUG_INFO = INCLUDE_SOURCE;
				MTL_FAST_MATH = YES;
				ONLY_ACTIVE_ARCH = YES;
				SDKROOT = iphoneos;
				SWIFT_ACTIVE_COMPILATION_CONDITIONS = "DEBUG $(inherited)";
				SWIFT_OPTIMIZATION_LEVEL = "-Onone";
			};
			name = Debug;
		};
		D6F68C1F2C47813A0019640A /* Release */ = {
			isa = XCBuildConfiguration;
			buildSettings = {
				ALWAYS_SEARCH_USER_PATHS = NO;
				ASSETCATALOG_COMPILER_GENERATE_SWIFT_ASSET_SYMBOL_EXTENSIONS = YES;
				CLANG_ANALYZER_NONNULL = YES;
				CLANG_ANALYZER_NUMBER_OBJECT_CONVERSION = YES_AGGRESSIVE;
				CLANG_CXX_LANGUAGE_STANDARD = "gnu++20";
				CLANG_ENABLE_MODULES = YES;
				CLANG_ENABLE_OBJC_ARC = YES;
				CLANG_ENABLE_OBJC_WEAK = YES;
				CLANG_WARN_BLOCK_CAPTURE_AUTORELEASING = YES;
				CLANG_WARN_BOOL_CONVERSION = YES;
				CLANG_WARN_COMMA = YES;
				CLANG_WARN_CONSTANT_CONVERSION = YES;
				CLANG_WARN_DEPRECATED_OBJC_IMPLEMENTATIONS = YES;
				CLANG_WARN_DIRECT_OBJC_ISA_USAGE = YES_ERROR;
				CLANG_WARN_DOCUMENTATION_COMMENTS = YES;
				CLANG_WARN_EMPTY_BODY = YES;
				CLANG_WARN_ENUM_CONVERSION = YES;
				CLANG_WARN_INFINITE_RECURSION = YES;
				CLANG_WARN_INT_CONVERSION = YES;
				CLANG_WARN_NON_LITERAL_NULL_CONVERSION = YES;
				CLANG_WARN_OBJC_IMPLICIT_RETAIN_SELF = YES;
				CLANG_WARN_OBJC_LITERAL_CONVERSION = YES;
				CLANG_WARN_OBJC_ROOT_CLASS = YES_ERROR;
				CLANG_WARN_QUOTED_INCLUDE_IN_FRAMEWORK_HEADER = YES;
				CLANG_WARN_RANGE_LOOP_ANALYSIS = YES;
				CLANG_WARN_STRICT_PROTOTYPES = YES;
				CLANG_WARN_SUSPICIOUS_MOVE = YES;
				CLANG_WARN_UNGUARDED_AVAILABILITY = YES_AGGRESSIVE;
				CLANG_WARN_UNREACHABLE_CODE = YES;
				CLANG_WARN__DUPLICATE_METHOD_MATCH = YES;
				COPY_PHASE_STRIP = NO;
				DEBUG_INFORMATION_FORMAT = "dwarf-with-dsym";
				ENABLE_NS_ASSERTIONS = NO;
				ENABLE_STRICT_OBJC_MSGSEND = YES;
				ENABLE_USER_SCRIPT_SANDBOXING = YES;
				GCC_C_LANGUAGE_STANDARD = gnu17;
				GCC_NO_COMMON_BLOCKS = YES;
				GCC_WARN_64_TO_32_BIT_CONVERSION = YES;
				GCC_WARN_ABOUT_RETURN_TYPE = YES_ERROR;
				GCC_WARN_UNDECLARED_SELECTOR = YES;
				GCC_WARN_UNINITIALIZED_AUTOS = YES_AGGRESSIVE;
				GCC_WARN_UNUSED_FUNCTION = YES;
				GCC_WARN_UNUSED_VARIABLE = YES;
				IPHONEOS_DEPLOYMENT_TARGET = 17.2;
				LOCALIZATION_PREFERS_STRING_CATALOGS = YES;
				MTL_ENABLE_DEBUG_INFO = NO;
				MTL_FAST_MATH = YES;
				SDKROOT = iphoneos;
				SWIFT_COMPILATION_MODE = wholemodule;
				VALIDATE_PRODUCT = YES;
			};
			name = Release;
		};
		D6F68C212C47813A0019640A /* Debug */ = {
			isa = XCBuildConfiguration;
			buildSettings = {
				ASSETCATALOG_COMPILER_APPICON_NAME = AppIcon;
				ASSETCATALOG_COMPILER_GLOBAL_ACCENT_COLOR_NAME = AccentColor;
				CODE_SIGN_STYLE = Automatic;
				CURRENT_PROJECT_VERSION = 1;
				DEVELOPMENT_ASSET_PATHS = "\"LogYourLife/Preview Content\"";
				ENABLE_PREVIEWS = YES;
				GENERATE_INFOPLIST_FILE = YES;
				INFOPLIST_KEY_UIApplicationSceneManifest_Generation = YES;
				INFOPLIST_KEY_UIApplicationSupportsIndirectInputEvents = YES;
				INFOPLIST_KEY_UILaunchScreen_Generation = YES;
				INFOPLIST_KEY_UISupportedInterfaceOrientations_iPad = "UIInterfaceOrientationPortrait UIInterfaceOrientationPortraitUpsideDown UIInterfaceOrientationLandscapeLeft UIInterfaceOrientationLandscapeRight";
				INFOPLIST_KEY_UISupportedInterfaceOrientations_iPhone = "UIInterfaceOrientationPortrait UIInterfaceOrientationLandscapeLeft UIInterfaceOrientationLandscapeRight";
				LD_RUNPATH_SEARCH_PATHS = (
					"$(inherited)",
					"@executable_path/Frameworks",
				);
				MARKETING_VERSION = 1.0;
				PRODUCT_BUNDLE_IDENTIFIER = Omelette.LogYourLife;
				PRODUCT_NAME = "$(TARGET_NAME)";
				SWIFT_EMIT_LOC_STRINGS = YES;
				SWIFT_VERSION = 5.0;
				TARGETED_DEVICE_FAMILY = "1,2";
			};
			name = Debug;
		};
		D6F68C222C47813A0019640A /* Release */ = {
			isa = XCBuildConfiguration;
			buildSettings = {
				ASSETCATALOG_COMPILER_APPICON_NAME = AppIcon;
				ASSETCATALOG_COMPILER_GLOBAL_ACCENT_COLOR_NAME = AccentColor;
				CODE_SIGN_STYLE = Automatic;
				CURRENT_PROJECT_VERSION = 1;
				DEVELOPMENT_ASSET_PATHS = "\"LogYourLife/Preview Content\"";
				ENABLE_PREVIEWS = YES;
				GENERATE_INFOPLIST_FILE = YES;
				INFOPLIST_KEY_UIApplicationSceneManifest_Generation = YES;
				INFOPLIST_KEY_UIApplicationSupportsIndirectInputEvents = YES;
				INFOPLIST_KEY_UILaunchScreen_Generation = YES;
				INFOPLIST_KEY_UISupportedInterfaceOrientations_iPad = "UIInterfaceOrientationPortrait UIInterfaceOrientationPortraitUpsideDown UIInterfaceOrientationLandscapeLeft UIInterfaceOrientationLandscapeRight";
				INFOPLIST_KEY_UISupportedInterfaceOrientations_iPhone = "UIInterfaceOrientationPortrait UIInterfaceOrientationLandscapeLeft UIInterfaceOrientationLandscapeRight";
				LD_RUNPATH_SEARCH_PATHS = (
					"$(inherited)",
					"@executable_path/Frameworks",
				);
				MARKETING_VERSION = 1.0;
				PRODUCT_BUNDLE_IDENTIFIER = Omelette.LogYourLife;
				PRODUCT_NAME = "$(TARGET_NAME)";
				SWIFT_EMIT_LOC_STRINGS = YES;
				SWIFT_VERSION = 5.0;
				TARGETED_DEVICE_FAMILY = "1,2";
			};
			name = Release;
		};
		D6F68C242C47813A0019640A /* Debug */ = {
			isa = XCBuildConfiguration;
			buildSettings = {
				ALWAYS_EMBED_SWIFT_STANDARD_LIBRARIES = YES;
				BUNDLE_LOADER = "$(TEST_HOST)";
				CODE_SIGN_STYLE = Automatic;
				CURRENT_PROJECT_VERSION = 1;
				GENERATE_INFOPLIST_FILE = YES;
				IPHONEOS_DEPLOYMENT_TARGET = 17.2;
				MARKETING_VERSION = 1.0;
				PRODUCT_BUNDLE_IDENTIFIER = Omelette.LogYourLifeTests;
				PRODUCT_NAME = "$(TARGET_NAME)";
				SWIFT_EMIT_LOC_STRINGS = NO;
				SWIFT_VERSION = 5.0;
				TARGETED_DEVICE_FAMILY = "1,2";
				TEST_HOST = "$(BUILT_PRODUCTS_DIR)/LogYourLife.app/$(BUNDLE_EXECUTABLE_FOLDER_PATH)/LogYourLife";
			};
			name = Debug;
		};
		D6F68C252C47813A0019640A /* Release */ = {
			isa = XCBuildConfiguration;
			buildSettings = {
				ALWAYS_EMBED_SWIFT_STANDARD_LIBRARIES = YES;
				BUNDLE_LOADER = "$(TEST_HOST)";
				CODE_SIGN_STYLE = Automatic;
				CURRENT_PROJECT_VERSION = 1;
				GENERATE_INFOPLIST_FILE = YES;
				IPHONEOS_DEPLOYMENT_TARGET = 17.2;
				MARKETING_VERSION = 1.0;
				PRODUCT_BUNDLE_IDENTIFIER = Omelette.LogYourLifeTests;
				PRODUCT_NAME = "$(TARGET_NAME)";
				SWIFT_EMIT_LOC_STRINGS = NO;
				SWIFT_VERSION = 5.0;
				TARGETED_DEVICE_FAMILY = "1,2";
				TEST_HOST = "$(BUILT_PRODUCTS_DIR)/LogYourLife.app/$(BUNDLE_EXECUTABLE_FOLDER_PATH)/LogYourLife";
			};
			name = Release;
		};
		D6F68C272C47813A0019640A /* Debug */ = {
			isa = XCBuildConfiguration;
			buildSettings = {
				ALWAYS_EMBED_SWIFT_STANDARD_LIBRARIES = YES;
				CODE_SIGN_STYLE = Automatic;
				CURRENT_PROJECT_VERSION = 1;
				GENERATE_INFOPLIST_FILE = YES;
				MARKETING_VERSION = 1.0;
				PRODUCT_BUNDLE_IDENTIFIER = Omelette.LogYourLifeUITests;
				PRODUCT_NAME = "$(TARGET_NAME)";
				SWIFT_EMIT_LOC_STRINGS = NO;
				SWIFT_VERSION = 5.0;
				TARGETED_DEVICE_FAMILY = "1,2";
				TEST_TARGET_NAME = LogYourLife;
			};
			name = Debug;
		};
		D6F68C282C47813A0019640A /* Release */ = {
			isa = XCBuildConfiguration;
			buildSettings = {
				ALWAYS_EMBED_SWIFT_STANDARD_LIBRARIES = YES;
				CODE_SIGN_STYLE = Automatic;
				CURRENT_PROJECT_VERSION = 1;
				GENERATE_INFOPLIST_FILE = YES;
				MARKETING_VERSION = 1.0;
				PRODUCT_BUNDLE_IDENTIFIER = Omelette.LogYourLifeUITests;
				PRODUCT_NAME = "$(TARGET_NAME)";
				SWIFT_EMIT_LOC_STRINGS = NO;
				SWIFT_VERSION = 5.0;
				TARGETED_DEVICE_FAMILY = "1,2";
				TEST_TARGET_NAME = LogYourLife;
			};
			name = Release;
		};
/* End XCBuildConfiguration section */

/* Begin XCConfigurationList section */
		D6F68BF72C4781380019640A /* Build configuration list for PBXProject "LogYourLife" */ = {
			isa = XCConfigurationList;
			buildConfigurations = (
				D6F68C1E2C47813A0019640A /* Debug */,
				D6F68C1F2C47813A0019640A /* Release */,
			);
			defaultConfigurationIsVisible = 0;
			defaultConfigurationName = Release;
		};
		D6F68C202C47813A0019640A /* Build configuration list for PBXNativeTarget "LogYourLife" */ = {
			isa = XCConfigurationList;
			buildConfigurations = (
				D6F68C212C47813A0019640A /* Debug */,
				D6F68C222C47813A0019640A /* Release */,
			);
			defaultConfigurationIsVisible = 0;
			defaultConfigurationName = Release;
		};
		D6F68C232C47813A0019640A /* Build configuration list for PBXNativeTarget "LogYourLifeTests" */ = {
			isa = XCConfigurationList;
			buildConfigurations = (
				D6F68C242C47813A0019640A /* Debug */,
				D6F68C252C47813A0019640A /* Release */,
			);
			defaultConfigurationIsVisible = 0;
			defaultConfigurationName = Release;
		};
		D6F68C262C47813A0019640A /* Build configuration list for PBXNativeTarget "LogYourLifeUITests" */ = {
			isa = XCConfigurationList;
			buildConfigurations = (
				D6F68C272C47813A0019640A /* Debug */,
				D6F68C282C47813A0019640A /* Release */,
			);
			defaultConfigurationIsVisible = 0;
			defaultConfigurationName = Release;
		};
/* End XCConfigurationList section */
	};
	rootObject = D6F68BF42C4781380019640A /* Project object */;
}
